
Microsoft Visual Studio Solution File, Format Version 12.00
# Visual Studio Version 16
VisualStudioVersion = 16.0.30621.155
MinimumVisualStudioVersion = 10.0.40219.1
Project("{FAE04EC0-301F-11D3-BF4B-00C04F79EFBC}") = "OpenMod.Installer.RocketMod", "OpenMod.Installer.RocketMod.csproj", "{6F63B43E-59FE-42C0-9BAF-AADB99F4CDA2}"
EndProject
Global
	GlobalSection(SolutionConfigurationPlatforms) = preSolution
		Debug|Any CPU = Debug|Any CPU
		Release|Any CPU = Release|Any CPU
	EndGlobalSection
	GlobalSection(ProjectConfigurationPlatforms) = postSolution
		{6F63B43E-59FE-42C0-9BAF-AADB99F4CDA2}.Debug|Any CPU.ActiveCfg = Debug|Any CPU
		{6F63B43E-59FE-42C0-9BAF-AADB99F4CDA2}.Debug|Any CPU.Build.0 = Debug|Any CPU
		{6F63B43E-59FE-42C0-9BAF-AADB99F4CDA2}.Release|Any CPU.ActiveCfg = Release|Any CPU
		{6F63B43E-59FE-42C0-9BAF-AADB99F4CDA2}.Release|Any CPU.Build.0 = Release|Any CPU
	EndGlobalSection
	GlobalSection(SolutionProperties) = preSolution
		HideSolutionNode = FALSE
	EndGlobalSection
	GlobalSection(ExtensibilityGlobals) = postSolution
		SolutionGuid = {DEFEADDE-5CA5-4F3F-9E57-055361D47220}
	EndGlobalSection
EndGlobal
